{
  "name": "attend-local",
  "version": "0.2.1",
  "lockfileVersion": 3,
  "requires": true,
  "packages": {
    "": {
      "name": "attend-local",
      "version": "0.2.1",
      "license": "UNLICENSED",
      "bin": {
        "attend": "bin/attend.js"
      },
      "engines": {
        "node": ">=22.0.0"
      }
    }
  }
}
