{
  "name": "@siunami/attend",
  "version": "0.6.0",
  "lockfileVersion": 3,
  "requires": true,
  "packages": {
    "": {
      "name": "@siunami/attend",
      "version": "0.6.0",
      "license": "MIT",
      "bin": {
        "attend": "bin/attend.js"
      },
      "engines": {
        "node": ">=22.0.0"
      }
    }
  }
}
